
Microsoft Visual Studio Solution File, Format Version 12.00
Project("{FAE04EC0-301F-11D3-BF4B-00C04F79EFBC}") = "My Programs Updater", "My Programs Updater\My Programs Updater.csproj", "{CC87E0F5-D904-4AA1-88E7-E1D520B39C0C}"
EndProject
Global
	GlobalSection(SolutionConfigurationPlatforms) = preSolution
		Debug|Any CPU = Debug|Any CPU
		Release|Any CPU = Release|Any CPU
	EndGlobalSection
	GlobalSection(ProjectConfigurationPlatforms) = postSolution
		{CC87E0F5-D904-4AA1-88E7-E1D520B39C0C}.Debug|Any CPU.ActiveCfg = Debug|Any CPU
		{CC87E0F5-D904-4AA1-88E7-E1D520B39C0C}.Debug|Any CPU.Build.0 = Debug|Any CPU
		{CC87E0F5-D904-4AA1-88E7-E1D520B39C0C}.Release|Any CPU.ActiveCfg = Release|Any CPU
		{CC87E0F5-D904-4AA1-88E7-E1D520B39C0C}.Release|Any CPU.Build.0 = Release|Any CPU
	EndGlobalSection
EndGlobal
